{
    "_meta": {
        "hash": {
            "sha256": "c4995ec83fa34ee7b1c5f2126f098fe778ff011ca4663aa6bc14ecdc65f7cb07"
        },
        "pipfile-spec": 6,
        "requires": {
            "python_version": "3.12"
        },
        "sources": [
            {
                "name": "pypi",
                "url": "https://pypi.org/simple",
                "verify_ssl": true
            }
        ]
    },
    "default": {
        "pypdf": {
            "hashes": [
                "sha256:a361c3c372b4a659f9c8dd438d5ce29a753c79c620dc6e1fd66977651f5547ea",
                "sha256:ff8a32da6c7a63fea9c32fa4dd837cdd0db7966adf6c14f043e3f12592e992db"
            ],
            "index": "pypi",
            "markers": "python_version >= '3.8'",
            "version": "==5.0.1"
        }
    },
    "develop": {}
}
